PODS:
  - CocoaLumberjack (2.2.0):
    - CocoaLumberjack/Default (= 2.2.0)
    - CocoaLumberjack/Extensions (= 2.2.0)
  - CocoaLumberjack/Core (2.2.0)
  - CocoaLumberjack/Default (2.2.0):
    - CocoaLumberjack/Core
  - CocoaLumberjack/Extensions (2.2.0):
    - CocoaLumberjack/Default
  - SVGKit (2.x):
    - CocoaLumberjack (~> 2.x)

DEPENDENCIES:
  - SVGKit (from `https://raw.githubusercontent.com/MaddTheSane/SVGKit/master/SVGKit.podspec`)

EXTERNAL SOURCES:
  SVGKit:
    :podspec: https://raw.githubusercontent.com/MaddTheSane/SVGKit/master/SVGKit.podspec

CHECKOUT OPTIONS:
  SVGKit:
    :commit: a7dae2d0d46c19fe52785a269510203123979f6a
    :git: https://github.com/MaddTheSane/SVGKit.git

SPEC CHECKSUMS:
  CocoaLumberjack: 17fe8581f84914d5d7e6360f7c70022b173c3ae0
  SVGKit: 09d3c403fcdaa5c6860d601d0cc21f408969cba0

PODFILE CHECKSUM: ae9158fcebe7f1ca54ad9255196d90b471d43fc9

COCOAPODS: 1.0.1
